{
  "originHash" : "44cb6612b75e64e3ff32f0650ff6f0fb4cb71ebb2230a3720581b3ab3537d665",
  "pins" : [
    {
      "identity" : "datastore",
      "kind" : "remoteSourceControl",
      "location" : "https://github.com/keyvanygh/DataStore/",
      "state" : {
        "revision" : "19462cbc03d9a740c9eee59cb0fc223f44e62930",
        "version" : "1.0.3"
      }
    },
    {
      "identity" : "httpclient",
      "kind" : "remoteSourceControl",
      "location" : "https://github.com/keyvanygh/HttpClient",
      "state" : {
        "revision" : "65198fd645e8b321fd9ac09db8ba509d3cd48219",
        "version" : "1.0.10"
      }
    },
    {
      "identity" : "swift-concurrency-extras",
      "kind" : "remoteSourceControl",
      "location" : "https://github.com/pointfreeco/swift-concurrency-extras",
      "state" : {
        "revision" : "6054df64b55186f08b6d0fd87152081b8ad8d613",
        "version" : "1.2.0"
      }
    }
  ],
  "version" : 3
}
